
Microsoft Visual Studio Solution File, Format Version 12.00
# Visual Studio Version 17
VisualStudioVersion = 17.9.34902.65
MinimumVisualStudioVersion = 10.0.40219.1
Project("{FAE04EC0-301F-11D3-BF4B-00C04F79EFBC}") = "python-c#", "python-c#\python-c#.csproj", "{C4B81265-80B8-45BC-9EDB-C8153B77FC8D}"
EndProject
Global
	GlobalSection(SolutionConfigurationPlatforms) = preSolution
		Debug|Any CPU = Debug|Any CPU
		Release|Any CPU = Release|Any CPU
	EndGlobalSection
	GlobalSection(ProjectConfigurationPlatforms) = postSolution
		{C4B81265-80B8-45BC-9EDB-C8153B77FC8D}.Debug|Any CPU.ActiveCfg = Debug|Any CPU
		{C4B81265-80B8-45BC-9EDB-C8153B77FC8D}.Debug|Any CPU.Build.0 = Debug|Any CPU
		{C4B81265-80B8-45BC-9EDB-C8153B77FC8D}.Release|Any CPU.ActiveCfg = Release|Any CPU
		{C4B81265-80B8-45BC-9EDB-C8153B77FC8D}.Release|Any CPU.Build.0 = Release|Any CPU
	EndGlobalSection
	GlobalSection(SolutionProperties) = preSolution
		HideSolutionNode = FALSE
	EndGlobalSection
	GlobalSection(ExtensibilityGlobals) = postSolution
		SolutionGuid = {C12A8877-FC91-4891-8FB3-9BE0BE54D819}
	EndGlobalSection
EndGlobal
